
Microsoft Visual Studio Solution File, Format Version 12.00
# Visual Studio Version 17
VisualStudioVersion = 17.1.32319.34
MinimumVisualStudioVersion = 10.0.40219.1
Project("{9A19103F-16F7-4668-BE54-9A1E7A4F7556}") = "Sit.App", "src\Sit.App\Sit.App.csproj", "{49CFEE3D-7ABB-4B0A-B430-721A945BB02D}"
EndProject
Project("{9A19103F-16F7-4668-BE54-9A1E7A4F7556}") = "Sit.Core.Abstractions", "src\Sit.Core.Abstractions\Sit.Core.Abstractions.csproj", "{68124B13-F675-4C6E-AEBB-4FEBF97ABAF2}"
EndProject
Project("{9A19103F-16F7-4668-BE54-9A1E7A4F7556}") = "Sit.Core", "src\Sit.Core\Sit.Core.csproj", "{0E83BE5B-364F-422C-A131-C468F2EA5A11}"
EndProject
Project("{9A19103F-16F7-4668-BE54-9A1E7A4F7556}") = "Sit.Data.Abstractions", "src\Sit.Data.Abstractions\Sit.Data.Abstractions.csproj", "{69910111-A9C7-4384-98BA-BC2F1DEE66C9}"
EndProject
Project("{9A19103F-16F7-4668-BE54-9A1E7A4F7556}") = "Sit.Data", "src\Sit.Data\Sit.Data.csproj", "{60C283A8-0F40-48C1-A140-B9808D9E2C70}"
EndProject
Project("{2150E333-8FDC-42A3-9474-1A3956D46DE8}") = "build", "build", "{9C4F2B9C-100E-4283-8CB6-02F4B5C58719}"
	ProjectSection(SolutionItems) = preProject
		build\build.cake = build\build.cake
		build\build.ps1 = build\build.ps1
	EndProjectSection
EndProject
Project("{2150E333-8FDC-42A3-9474-1A3956D46DE8}") = "tests", "tests", "{C93097E5-C2A0-45CF-ACED-9E28D4455E02}"
EndProject
Project("{2150E333-8FDC-42A3-9474-1A3956D46DE8}") = "Solution Items", "Solution Items", "{289595D1-AF3C-4BB3-8836-35740EB7E81C}"
	ProjectSection(SolutionItems) = preProject
		.gitignore = .gitignore
		README.md = README.md
	EndProjectSection
EndProject
Project("{9A19103F-16F7-4668-BE54-9A1E7A4F7556}") = "Sit.App.Core", "src\Sit.App.Core\Sit.App.Core.csproj", "{6118EC32-6ED9-4A72-8993-5819154AAA16}"
EndProject
Project("{FAE04EC0-301F-11D3-BF4B-00C04F79EFBC}") = "Sit.Core.Tests", "tests\Sit.Core.Tests\Sit.Core.Tests.csproj", "{EA3E821D-BA9C-417F-9BDC-D2289430F3EA}"
EndProject
Project("{FAE04EC0-301F-11D3-BF4B-00C04F79EFBC}") = "Sit.Tests.Core", "tests\Sit.Tests.Core\Sit.Tests.Core.csproj", "{2E6733AD-DB1F-415D-A127-FE60A53E0E31}"
EndProject
Global
	GlobalSection(SolutionConfigurationPlatforms) = preSolution
		Debug|Any CPU = Debug|Any CPU
		Release|Any CPU = Release|Any CPU
	EndGlobalSection
	GlobalSection(ProjectConfigurationPlatforms) = postSolution
		{49CFEE3D-7ABB-4B0A-B430-721A945BB02D}.Debug|Any CPU.ActiveCfg = Debug|Any CPU
		{49CFEE3D-7ABB-4B0A-B430-721A945BB02D}.Debug|Any CPU.Build.0 = Debug|Any CPU
		{49CFEE3D-7ABB-4B0A-B430-721A945BB02D}.Release|Any CPU.ActiveCfg = Release|Any CPU
		{49CFEE3D-7ABB-4B0A-B430-721A945BB02D}.Release|Any CPU.Build.0 = Release|Any CPU
		{68124B13-F675-4C6E-AEBB-4FEBF97ABAF2}.Debug|Any CPU.ActiveCfg = Debug|Any CPU
		{68124B13-F675-4C6E-AEBB-4FEBF97ABAF2}.Debug|Any CPU.Build.0 = Debug|Any CPU
		{68124B13-F675-4C6E-AEBB-4FEBF97ABAF2}.Release|Any CPU.ActiveCfg = Release|Any CPU
		{68124B13-F675-4C6E-AEBB-4FEBF97ABAF2}.Release|Any CPU.Build.0 = Release|Any CPU
		{0E83BE5B-364F-422C-A131-C468F2EA5A11}.Debug|Any CPU.ActiveCfg = Debug|Any CPU
		{0E83BE5B-364F-422C-A131-C468F2EA5A11}.Debug|Any CPU.Build.0 = Debug|Any CPU
		{0E83BE5B-364F-422C-A131-C468F2EA5A11}.Release|Any CPU.ActiveCfg = Release|Any CPU
		{0E83BE5B-364F-422C-A131-C468F2EA5A11}.Release|Any CPU.Build.0 = Release|Any CPU
		{69910111-A9C7-4384-98BA-BC2F1DEE66C9}.Debug|Any CPU.ActiveCfg = Debug|Any CPU
		{69910111-A9C7-4384-98BA-BC2F1DEE66C9}.Debug|Any CPU.Build.0 = Debug|Any CPU
		{69910111-A9C7-4384-98BA-BC2F1DEE66C9}.Release|Any CPU.ActiveCfg = Release|Any CPU
		{69910111-A9C7-4384-98BA-BC2F1DEE66C9}.Release|Any CPU.Build.0 = Release|Any CPU
		{60C283A8-0F40-48C1-A140-B9808D9E2C70}.Debug|Any CPU.ActiveCfg = Debug|Any CPU
		{60C283A8-0F40-48C1-A140-B9808D9E2C70}.Debug|Any CPU.Build.0 = Debug|Any CPU
		{60C283A8-0F40-48C1-A140-B9808D9E2C70}.Release|Any CPU.ActiveCfg = Release|Any CPU
		{60C283A8-0F40-48C1-A140-B9808D9E2C70}.Release|Any CPU.Build.0 = Release|Any CPU
		{6118EC32-6ED9-4A72-8993-5819154AAA16}.Debug|Any CPU.ActiveCfg = Debug|Any CPU
		{6118EC32-6ED9-4A72-8993-5819154AAA16}.Debug|Any CPU.Build.0 = Debug|Any CPU
		{6118EC32-6ED9-4A72-8993-5819154AAA16}.Release|Any CPU.ActiveCfg = Release|Any CPU
		{6118EC32-6ED9-4A72-8993-5819154AAA16}.Release|Any CPU.Build.0 = Release|Any CPU
		{EA3E821D-BA9C-417F-9BDC-D2289430F3EA}.Debug|Any CPU.ActiveCfg = Debug|Any CPU
		{EA3E821D-BA9C-417F-9BDC-D2289430F3EA}.Debug|Any CPU.Build.0 = Debug|Any CPU
		{EA3E821D-BA9C-417F-9BDC-D2289430F3EA}.Release|Any CPU.ActiveCfg = Release|Any CPU
		{EA3E821D-BA9C-417F-9BDC-D2289430F3EA}.Release|Any CPU.Build.0 = Release|Any CPU
		{2E6733AD-DB1F-415D-A127-FE60A53E0E31}.Debug|Any CPU.ActiveCfg = Debug|Any CPU
		{2E6733AD-DB1F-415D-A127-FE60A53E0E31}.Debug|Any CPU.Build.0 = Debug|Any CPU
		{2E6733AD-DB1F-415D-A127-FE60A53E0E31}.Release|Any CPU.ActiveCfg = Release|Any CPU
		{2E6733AD-DB1F-415D-A127-FE60A53E0E31}.Release|Any CPU.Build.0 = Release|Any CPU
	EndGlobalSection
	GlobalSection(SolutionProperties) = preSolution
		HideSolutionNode = FALSE
	EndGlobalSection
	GlobalSection(NestedProjects) = preSolution
		{EA3E821D-BA9C-417F-9BDC-D2289430F3EA} = {C93097E5-C2A0-45CF-ACED-9E28D4455E02}
		{2E6733AD-DB1F-415D-A127-FE60A53E0E31} = {C93097E5-C2A0-45CF-ACED-9E28D4455E02}
	EndGlobalSection
	GlobalSection(ExtensibilityGlobals) = postSolution
		SolutionGuid = {DB277EBA-D866-48B1-9CE1-C277BF53AF38}
	EndGlobalSection
EndGlobal
